
Microsoft Visual Studio Solution File, Format Version 12.00
# Visual Studio 15
VisualStudioVersion = 15.0.27130.0
MinimumVisualStudioVersion = 10.0.40219.1
Project("{FAE04EC0-301F-11D3-BF4B-00C04F79EFBC}") = "MediaMaker.Web", "MediaMaker.Web\MediaMaker.Web.csproj", "{40927EC8-5365-442D-A9C6-71BFFEABF2E0}"
EndProject
Project("{FAE04EC0-301F-11D3-BF4B-00C04F79EFBC}") = "MediaMaker.Common.Tests", "MediaMaker.Common.Tests\MediaMaker.Common.Tests.csproj", "{D9603564-6E6B-4F04-ABB7-F82A8EF9481D}"
EndProject
Project("{9A19103F-16F7-4668-BE54-9A1E7A4F7556}") = "MediaMaker.Common", "MediaMaker.Common\MediaMaker.Common.csproj", "{F098BFE5-9D09-4DDD-B501-8AA4A6A04D15}"
EndProject
Global
	GlobalSection(SolutionConfigurationPlatforms) = preSolution
		Debug|Any CPU = Debug|Any CPU
		Release|Any CPU = Release|Any CPU
	EndGlobalSection
	GlobalSection(ProjectConfigurationPlatforms) = postSolution
		{40927EC8-5365-442D-A9C6-71BFFEABF2E0}.Debug|Any CPU.ActiveCfg = Debug|Any CPU
		{40927EC8-5365-442D-A9C6-71BFFEABF2E0}.Debug|Any CPU.Build.0 = Debug|Any CPU
		{40927EC8-5365-442D-A9C6-71BFFEABF2E0}.Release|Any CPU.ActiveCfg = Release|Any CPU
		{40927EC8-5365-442D-A9C6-71BFFEABF2E0}.Release|Any CPU.Build.0 = Release|Any CPU
		{D9603564-6E6B-4F04-ABB7-F82A8EF9481D}.Debug|Any CPU.ActiveCfg = Debug|Any CPU
		{D9603564-6E6B-4F04-ABB7-F82A8EF9481D}.Debug|Any CPU.Build.0 = Debug|Any CPU
		{D9603564-6E6B-4F04-ABB7-F82A8EF9481D}.Release|Any CPU.ActiveCfg = Release|Any CPU
		{D9603564-6E6B-4F04-ABB7-F82A8EF9481D}.Release|Any CPU.Build.0 = Release|Any CPU
		{F098BFE5-9D09-4DDD-B501-8AA4A6A04D15}.Debug|Any CPU.ActiveCfg = Debug|Any CPU
		{F098BFE5-9D09-4DDD-B501-8AA4A6A04D15}.Debug|Any CPU.Build.0 = Debug|Any CPU
		{F098BFE5-9D09-4DDD-B501-8AA4A6A04D15}.Release|Any CPU.ActiveCfg = Release|Any CPU
		{F098BFE5-9D09-4DDD-B501-8AA4A6A04D15}.Release|Any CPU.Build.0 = Release|Any CPU
	EndGlobalSection
	GlobalSection(SolutionProperties) = preSolution
		HideSolutionNode = FALSE
	EndGlobalSection
	GlobalSection(ExtensibilityGlobals) = postSolution
		SolutionGuid = {E9EEE7E2-0BAD-4DA4-989F-632D313160F6}
	EndGlobalSection
EndGlobal
